schema: '2.0'
stages:
  word-to-pdf:
    cmd: calkit office word-to-pdf paper.docx paper.pdf
    deps:
    - path: paper.docx
      hash: md5
      md5: 302d07f373e2f13a90d591f1803ca16c
      size: 144968
    outs:
    - path: paper.pdf
      hash: md5
      md5: ae575a0890353e785e21d856ec5299cd
      size: 1034262
  my-second-stage:
    cmd: echo sup > lol.txt
    outs:
    - path: lol.txt
      hash: md5
      md5: 953755708db864f0dba54a78c8dca344
      size: 4
