schema: '2.0'
stages:
  do-something:
    cmd: echo sup > sup.txt
    outs:
    - path: sup.txt
      hash: md5
      md5: 953755708db864f0dba54a78c8dca344
      size: 4
  do-more:
    cmd: cat sup.txt > lol.txt
    deps:
    - path: sup.txt
      hash: md5
      md5: 953755708db864f0dba54a78c8dca344
      size: 4
    outs:
    - path: lol.txt
      hash: md5
      md5: 953755708db864f0dba54a78c8dca344
      size: 4
  do-more-2:
    cmd: cat sup.txt > lol2.txt
    deps:
    - path: sup.txt
      hash: md5
      md5: 953755708db864f0dba54a78c8dca344
      size: 4
    outs:
    - path: lol2.txt
      hash: md5
      md5: 953755708db864f0dba54a78c8dca344
      size: 4
  run2:
    cmd: echo sup > lol4.txt
    outs:
    - path: lol4.txt
      hash: md5
      md5: 953755708db864f0dba54a78c8dca344
      size: 4
