schema: '2.0'
stages:
  word-to-pdf:
    cmd: calkit office word-to-pdf paper.docx paper.pdf
    deps:
    - path: paper.docx
      hash: md5
      md5: 7545ca7ffeaaf04a2f83b3e0ddd7df3b
      size: 145401
    outs:
    - path: paper.pdf
      hash: md5
      md5: 474bb7186fbfd91f1e5d3cd526996222
      size: 1034437
  my-second-stage:
    cmd: echo sup > lol.txt
    outs:
    - path: lol.txt
      hash: md5
      md5: 953755708db864f0dba54a78c8dca344
      size: 4
  excel-thing:
    cmd: cp data.xlsx data-copy.xlsx
    deps:
    - path: data.xlsx
      hash: md5
      md5: a3dc1fa326341a08dfc2d06489a0d369
      size: 9362
    outs:
    - path: data-copy.xlsx
      hash: md5
      md5: a3dc1fa326341a08dfc2d06489a0d369
      size: 9362
